// !$*UTF8*$!
{
	archiveVersion = 1;
	classes = {
	};
	objectVersion = 48;
	objects = {

/* Begin PBXBuildFile section */
		423778201FD4525A009C1B95 /* AppDelegate.swift in Sources */ = {isa = PBXBuildFile; fileRef = 4237781F1FD4525A009C1B95 /* AppDelegate.swift */; };
		423778221FD4525A009C1B95 /* ViewController.swift in Sources */ = {isa = PBXBuildFile; fileRef = 423778211FD4525A009C1B95 /* ViewController.swift */; };
		423778251FD4525A009C1B95 /* Main.storyboard in Resources */ = {isa = PBXBuildFile; fileRef = 423778231FD4525A009C1B95 /* Main.storyboard */; };
		423778271FD4525A009C1B95 /* Assets.xcassets in Resources */ = {isa = PBXBuildFile; fileRef = 423778261FD4525A009C1B95 /* Assets.xcassets */; };
		4237782A1FD4525A009C1B95 /* LaunchScreen.storyboard in Resources */ = {isa = PBXBuildFile; fileRef = 423778281FD4525A009C1B95 /* LaunchScreen.storyboard */; };
		423778351FD4525A009C1B95 /* ASSwiftMvvmBoilerplateTests.swift in Sources */ = {isa = PBXBuildFile; fileRef = 423778341FD4525A009C1B95 /* ASSwiftMvvmBoilerplateTests.swift */; };
		423778401FD4525A009C1B95 /* ASSwiftMvvmBoilerplateUITests.swift in Sources */ = {isa = PBXBuildFile; fileRef = 4237783F1FD4525A009C1B95 /* ASSwiftMvvmBoilerplateUITests.swift */; };
		423778551FD452EA009C1B95 /* BaseViewController.swift in Sources */ = {isa = PBXBuildFile; fileRef = 423778541FD452EA009C1B95 /* BaseViewController.swift */; };
		423778571FD452F1009C1B95 /* DemoViewController.swift in Sources */ = {isa = PBXBuildFile; fileRef = 423778561FD452F1009C1B95 /* DemoViewController.swift */; };
		423778591FD452FD009C1B95 /* BaseViewModel.swift in Sources */ = {isa = PBXBuildFile; fileRef = 423778581FD452FC009C1B95 /* BaseViewModel.swift */; };
		4237785B1FD45307009C1B95 /* DemoViewModel.swift in Sources */ = {isa = PBXBuildFile; fileRef = 4237785A1FD45307009C1B95 /* DemoViewModel.swift */; };
		4237785D1FD4530C009C1B95 /* BaseModel.swift in Sources */ = {isa = PBXBuildFile; fileRef = 4237785C1FD4530C009C1B95 /* BaseModel.swift */; };
		4237785F1FD45311009C1B95 /* DemoModel.swift in Sources */ = {isa = PBXBuildFile; fileRef = 4237785E1FD45311009C1B95 /* DemoModel.swift */; };
		423778611FD45316009C1B95 /* AppState.swift in Sources */ = {isa = PBXBuildFile; fileRef = 423778601FD45316009C1B95 /* AppState.swift */; };
		423778741FD4532D009C1B95 /* Constants.swift in Sources */ = {isa = PBXBuildFile; fileRef = 423778621FD4532B009C1B95 /* Constants.swift */; };
		423778751FD4532D009C1B95 /* ErrorManager.swift in Sources */ = {isa = PBXBuildFile; fileRef = 423778631FD4532C009C1B95 /* ErrorManager.swift */; };
		423778761FD4532D009C1B95 /* DateTimeHelper.swift in Sources */ = {isa = PBXBuildFile; fileRef = 423778641FD4532C009C1B95 /* DateTimeHelper.swift */; };
		423778771FD4532D009C1B95 /* MockDataManager.swift in Sources */ = {isa = PBXBuildFile; fileRef = 423778651FD4532C009C1B95 /* MockDataManager.swift */; };
		423778781FD4532D009C1B95 /* Alert.swift in Sources */ = {isa = PBXBuildFile; fileRef = 423778661FD4532C009C1B95 /* Alert.swift */; };
		423778791FD4532D009C1B95 /* StripeHelper.swift in Sources */ = {isa = PBXBuildFile; fileRef = 423778671FD4532C009C1B95 /* StripeHelper.swift */; };
		4237787A1FD4532D009C1B95 /* ViewControllerHelper.swift in Sources */ = {isa = PBXBuildFile; fileRef = 423778681FD4532C009C1B95 /* ViewControllerHelper.swift */; };
		4237787B1FD4532D009C1B95 /* App.swift in Sources */ = {isa = PBXBuildFile; fileRef = 423778691FD4532C009C1B95 /* App.swift */; };
		4237787C1FD4532D009C1B95 /* NetworkManager.swift in Sources */ = {isa = PBXBuildFile; fileRef = 4237786A1FD4532C009C1B95 /* NetworkManager.swift */; };
		4237787D1FD4532D009C1B95 /* Loader.swift in Sources */ = {isa = PBXBuildFile; fileRef = 4237786B1FD4532C009C1B95 /* Loader.swift */; };
		4237787E1FD4532D009C1B95 /* UIHelper.swift in Sources */ = {isa = PBXBuildFile; fileRef = 4237786C1FD4532C009C1B95 /* UIHelper.swift */; };
		4237787F1FD4532D009C1B95 /* PushNotificationManager.swift in Sources */ = {isa = PBXBuildFile; fileRef = 4237786D1FD4532C009C1B95 /* PushNotificationManager.swift */; };
		423778801FD4532D009C1B95 /* Extensions.swift in Sources */ = {isa = PBXBuildFile; fileRef = 4237786E1FD4532C009C1B95 /* Extensions.swift */; };
		423778811FD4532D009C1B95 /* UserDefaultsManager.swift in Sources */ = {isa = PBXBuildFile; fileRef = 4237786F1FD4532D009C1B95 /* UserDefaultsManager.swift */; };
		423778821FD4532D009C1B95 /* DataStoreManager.swift in Sources */ = {isa = PBXBuildFile; fileRef = 423778701FD4532D009C1B95 /* DataStoreManager.swift */; };
		423778831FD4532D009C1B95 /* ValidityManager.swift in Sources */ = {isa = PBXBuildFile; fileRef = 423778711FD4532D009C1B95 /* ValidityManager.swift */; };
		423778841FD4532D009C1B95 /* TypeDefs.swift in Sources */ = {isa = PBXBuildFile; fileRef = 423778721FD4532D009C1B95 /* TypeDefs.swift */; };
		423778851FD4532D009C1B95 /* Vivid.swift in Sources */ = {isa = PBXBuildFile; fileRef = 423778731FD4532D009C1B95 /* Vivid.swift */; };
/* End PBXBuildFile section */

/* Begin PBXContainerItemProxy section */
		423778311FD4525A009C1B95 /* PBXContainerItemProxy */ = {
			isa = PBXContainerItemProxy;
			containerPortal = 423778141FD4525A009C1B95 /* Project object */;
			proxyType = 1;
			remoteGlobalIDString = 4237781B1FD4525A009C1B95;
			remoteInfo = ASSwiftMvvmBoilerplate;
		};
		4237783C1FD4525A009C1B95 /* PBXContainerItemProxy */ = {
			isa = PBXContainerItemProxy;
			containerPortal = 423778141FD4525A009C1B95 /* Project object */;
			proxyType = 1;
			remoteGlobalIDString = 4237781B1FD4525A009C1B95;
			remoteInfo = ASSwiftMvvmBoilerplate;
		};
/* End PBXContainerItemProxy section */

/* Begin PBXFileReference section */
		4237781C1FD4525A009C1B95 /* ASSwiftMvvmBoilerplate.app */ = {isa = PBXFileReference; explicitFileType = wrapper.application; includeInIndex = 0; path = ASSwiftMvvmBoilerplate.app; sourceTree = BUILT_PRODUCTS_DIR; };
		4237781F1FD4525A009C1B95 /* AppDelegate.swift */ = {isa = PBXFileReference; lastKnownFileType = sourcecode.swift; path = AppDelegate.swift; sourceTree = "<group>"; };
		423778211FD4525A009C1B95 /* ViewController.swift */ = {isa = PBXFileReference; lastKnownFileType = sourcecode.swift; path = ViewController.swift; sourceTree = "<group>"; };
		423778241FD4525A009C1B95 /* Base */ = {isa = PBXFileReference; lastKnownFileType = file.storyboard; name = Base; path = Base.lproj/Main.storyboard; sourceTree = "<group>"; };
		423778261FD4525A009C1B95 /* Assets.xcassets */ = {isa = PBXFileReference; lastKnownFileType = folder.assetcatalog; path = Assets.xcassets; sourceTree = "<group>"; };
		423778291FD4525A009C1B95 /* Base */ = {isa = PBXFileReference; lastKnownFileType = file.storyboard; name = Base; path = Base.lproj/LaunchScreen.storyboard; sourceTree = "<group>"; };
		4237782B1FD4525A009C1B95 /* Info.plist */ = {isa = PBXFileReference; lastKnownFileType = text.plist.xml; path = Info.plist; sourceTree = "<group>"; };
		423778301FD4525A009C1B95 /* ASSwiftMvvmBoilerplateTests.xctest */ = {isa = PBXFileReference; explicitFileType = wrapper.cfbundle; includeInIndex = 0; path = ASSwiftMvvmBoilerplateTests.xctest; sourceTree = BUILT_PRODUCTS_DIR; };
		423778341FD4525A009C1B95 /* ASSwiftMvvmBoilerplateTests.swift */ = {isa = PBXFileReference; lastKnownFileType = sourcecode.swift; path = ASSwiftMvvmBoilerplateTests.swift; sourceTree = "<group>"; };
		423778361FD4525A009C1B95 /* Info.plist */ = {isa = PBXFileReference; lastKnownFileType = text.plist.xml; path = Info.plist; sourceTree = "<group>"; };
		4237783B1FD4525A009C1B95 /* ASSwiftMvvmBoilerplateUITests.xctest */ = {isa = PBXFileReference; explicitFileType = wrapper.cfbundle; includeInIndex = 0; path = ASSwiftMvvmBoilerplateUITests.xctest; sourceTree = BUILT_PRODUCTS_DIR; };
		4237783F1FD4525A009C1B95 /* ASSwiftMvvmBoilerplateUITests.swift */ = {isa = PBXFileReference; lastKnownFileType = sourcecode.swift; path = ASSwiftMvvmBoilerplateUITests.swift; sourceTree = "<group>"; };
		423778411FD4525A009C1B95 /* Info.plist */ = {isa = PBXFileReference; lastKnownFileType = text.plist.xml; path = Info.plist; sourceTree = "<group>"; };
		423778541FD452EA009C1B95 /* BaseViewController.swift */ = {isa = PBXFileReference; fileEncoding = 4; lastKnownFileType = sourcecode.swift; path = BaseViewController.swift; sourceTree = "<group>"; };
		423778561FD452F1009C1B95 /* DemoViewController.swift */ = {isa = PBXFileReference; fileEncoding = 4; lastKnownFileType = sourcecode.swift; path = DemoViewController.swift; sourceTree = "<group>"; };
		423778581FD452FC009C1B95 /* BaseViewModel.swift */ = {isa = PBXFileReference; fileEncoding = 4; lastKnownFileType = sourcecode.swift; path = BaseViewModel.swift; sourceTree = "<group>"; };
		4237785A1FD45307009C1B95 /* DemoViewModel.swift */ = {isa = PBXFileReference; fileEncoding = 4; lastKnownFileType = sourcecode.swift; path = DemoViewModel.swift; sourceTree = "<group>"; };
		4237785C1FD4530C009C1B95 /* BaseModel.swift */ = {isa = PBXFileReference; fileEncoding = 4; lastKnownFileType = sourcecode.swift; path = BaseModel.swift; sourceTree = "<group>"; };
		4237785E1FD45311009C1B95 /* DemoModel.swift */ = {isa = PBXFileReference; fileEncoding = 4; lastKnownFileType = sourcecode.swift; path = DemoModel.swift; sourceTree = "<group>"; };
		423778601FD45316009C1B95 /* AppState.swift */ = {isa = PBXFileReference; fileEncoding = 4; lastKnownFileType = sourcecode.swift; path = AppState.swift; sourceTree = "<group>"; };
		423778621FD4532B009C1B95 /* Constants.swift */ = {isa = PBXFileReference; fileEncoding = 4; lastKnownFileType = sourcecode.swift; path = Constants.swift; sourceTree = "<group>"; };
		423778631FD4532C009C1B95 /* ErrorManager.swift */ = {isa = PBXFileReference; fileEncoding = 4; lastKnownFileType = sourcecode.swift; path = ErrorManager.swift; sourceTree = "<group>"; };
		423778641FD4532C009C1B95 /* DateTimeHelper.swift */ = {isa = PBXFileReference; fileEncoding = 4; lastKnownFileType = sourcecode.swift; path = DateTimeHelper.swift; sourceTree = "<group>"; };
		423778651FD4532C009C1B95 /* MockDataManager.swift */ = {isa = PBXFileReference; fileEncoding = 4; lastKnownFileType = sourcecode.swift; path = MockDataManager.swift; sourceTree = "<group>"; };
		423778661FD4532C009C1B95 /* Alert.swift */ = {isa = PBXFileReference; fileEncoding = 4; lastKnownFileType = sourcecode.swift; path = Alert.swift; sourceTree = "<group>"; };
		423778671FD4532C009C1B95 /* StripeHelper.swift */ = {isa = PBXFileReference; fileEncoding = 4; lastKnownFileType = sourcecode.swift; path = StripeHelper.swift; sourceTree = "<group>"; };
		423778681FD4532C009C1B95 /* ViewControllerHelper.swift */ = {isa = PBXFileReference; fileEncoding = 4; lastKnownFileType = sourcecode.swift; path = ViewControllerHelper.swift; sourceTree = "<group>"; };
		423778691FD4532C009C1B95 /* App.swift */ = {isa = PBXFileReference; fileEncoding = 4; lastKnownFileType = sourcecode.swift; path = App.swift; sourceTree = "<group>"; };
		4237786A1FD4532C009C1B95 /* NetworkManager.swift */ = {isa = PBXFileReference; fileEncoding = 4; lastKnownFileType = sourcecode.swift; path = NetworkManager.swift; sourceTree = "<group>"; };
		4237786B1FD4532C009C1B95 /* Loader.swift */ = {isa = PBXFileReference; fileEncoding = 4; lastKnownFileType = sourcecode.swift; path = Loader.swift; sourceTree = "<group>"; };
		4237786C1FD4532C009C1B95 /* UIHelper.swift */ = {isa = PBXFileReference; fileEncoding = 4; lastKnownFileType = sourcecode.swift; path = UIHelper.swift; sourceTree = "<group>"; };
		4237786D1FD4532C009C1B95 /* PushNotificationManager.swift */ = {isa = PBXFileReference; fileEncoding = 4; lastKnownFileType = sourcecode.swift; path = PushNotificationManager.swift; sourceTree = "<group>"; };
		4237786E1FD4532C009C1B95 /* Extensions.swift */ = {isa = PBXFileReference; fileEncoding = 4; lastKnownFileType = sourcecode.swift; path = Extensions.swift; sourceTree = "<group>"; };
		4237786F1FD4532D009C1B95 /* UserDefaultsManager.swift */ = {isa = PBXFileReference; fileEncoding = 4; lastKnownFileType = sourcecode.swift; path = UserDefaultsManager.swift; sourceTree = "<group>"; };
		423778701FD4532D009C1B95 /* DataStoreManager.swift */ = {isa = PBXFileReference; fileEncoding = 4; lastKnownFileType = sourcecode.swift; path = DataStoreManager.swift; sourceTree = "<group>"; };
		423778711FD4532D009C1B95 /* ValidityManager.swift */ = {isa = PBXFileReference; fileEncoding = 4; lastKnownFileType = sourcecode.swift; path = ValidityManager.swift; sourceTree = "<group>"; };
		423778721FD4532D009C1B95 /* TypeDefs.swift */ = {isa = PBXFileReference; fileEncoding = 4; lastKnownFileType = sourcecode.swift; path = TypeDefs.swift; sourceTree = "<group>"; };
		423778731FD4532D009C1B95 /* Vivid.swift */ = {isa = PBXFileReference; fileEncoding = 4; lastKnownFileType = sourcecode.swift; path = Vivid.swift; sourceTree = "<group>"; };
/* End PBXFileReference section */

/* Begin PBXFrameworksBuildPhase section */
		423778191FD4525A009C1B95 /* Frameworks */ = {
			isa = PBXFrameworksBuildPhase;
			buildActionMask = 2147483647;
			files = (
			);
			runOnlyForDeploymentPostprocessing = 0;
		};
		4237782D1FD4525A009C1B95 /* Frameworks */ = {
			isa = PBXFrameworksBuildPhase;
			buildActionMask = 2147483647;
			files = (
			);
			runOnlyForDeploymentPostprocessing = 0;
		};
		423778381FD4525A009C1B95 /* Frameworks */ = {
			isa = PBXFrameworksBuildPhase;
			buildActionMask = 2147483647;
			files = (
			);
			runOnlyForDeploymentPostprocessing = 0;
		};
/* End PBXFrameworksBuildPhase section */

/* Begin PBXGroup section */
		423778131FD4525A009C1B95 = {
			isa = PBXGroup;
			children = (
				4237781E1FD4525A009C1B95 /* ASSwiftMvvmBoilerplate */,
				423778331FD4525A009C1B95 /* ASSwiftMvvmBoilerplateTests */,
				4237783E1FD4525A009C1B95 /* ASSwiftMvvmBoilerplateUITests */,
				4237781D1FD4525A009C1B95 /* Products */,
			);
			sourceTree = "<group>";
		};
		4237781D1FD4525A009C1B95 /* Products */ = {
			isa = PBXGroup;
			children = (
				4237781C1FD4525A009C1B95 /* ASSwiftMvvmBoilerplate.app */,
				423778301FD4525A009C1B95 /* ASSwiftMvvmBoilerplateTests.xctest */,
				4237783B1FD4525A009C1B95 /* ASSwiftMvvmBoilerplateUITests.xctest */,
			);
			name = Products;
			sourceTree = "<group>";
		};
		4237781E1FD4525A009C1B95 /* ASSwiftMvvmBoilerplate */ = {
			isa = PBXGroup;
			children = (
				423778531FD452C5009C1B95 /* Storyboard */,
				423778521FD452BA009C1B95 /* Utility */,
				423778511FD452B3009C1B95 /* Font */,
				423778501FD452AE009C1B95 /* Enum */,
				4237784F1FD4529D009C1B95 /* Model */,
				4237784D1FD4527C009C1B95 /* View */,
				4237784E1FD45293009C1B95 /* ViewModel */,
				4237781F1FD4525A009C1B95 /* AppDelegate.swift */,
				423778211FD4525A009C1B95 /* ViewController.swift */,
				423778261FD4525A009C1B95 /* Assets.xcassets */,
				4237782B1FD4525A009C1B95 /* Info.plist */,
			);
			path = ASSwiftMvvmBoilerplate;
			sourceTree = "<group>";
		};
		423778331FD4525A009C1B95 /* ASSwiftMvvmBoilerplateTests */ = {
			isa = PBXGroup;
			children = (
				423778341FD4525A009C1B95 /* ASSwiftMvvmBoilerplateTests.swift */,
				423778361FD4525A009C1B95 /* Info.plist */,
			);
			path = ASSwiftMvvmBoilerplateTests;
			sourceTree = "<group>";
		};
		4237783E1FD4525A009C1B95 /* ASSwiftMvvmBoilerplateUITests */ = {
			isa = PBXGroup;
			children = (
				4237783F1FD4525A009C1B95 /* ASSwiftMvvmBoilerplateUITests.swift */,
				423778411FD4525A009C1B95 /* Info.plist */,
			);
			path = ASSwiftMvvmBoilerplateUITests;
			sourceTree = "<group>";
		};
		4237784D1FD4527C009C1B95 /* View */ = {
			isa = PBXGroup;
			children = (
				423778541FD452EA009C1B95 /* BaseViewController.swift */,
				423778561FD452F1009C1B95 /* DemoViewController.swift */,
			);
			path = View;
			sourceTree = "<group>";
		};
		4237784E1FD45293009C1B95 /* ViewModel */ = {
			isa = PBXGroup;
			children = (
				423778581FD452FC009C1B95 /* BaseViewModel.swift */,
				4237785A1FD45307009C1B95 /* DemoViewModel.swift */,
			);
			path = ViewModel;
			sourceTree = "<group>";
		};
		4237784F1FD4529D009C1B95 /* Model */ = {
			isa = PBXGroup;
			children = (
				4237785C1FD4530C009C1B95 /* BaseModel.swift */,
				4237785E1FD45311009C1B95 /* DemoModel.swift */,
			);
			path = Model;
			sourceTree = "<group>";
		};
		423778501FD452AE009C1B95 /* Enum */ = {
			isa = PBXGroup;
			children = (
				423778601FD45316009C1B95 /* AppState.swift */,
			);
			path = Enum;
			sourceTree = "<group>";
		};
		423778511FD452B3009C1B95 /* Font */ = {
			isa = PBXGroup;
			children = (
			);
			path = Font;
			sourceTree = "<group>";
		};
		423778521FD452BA009C1B95 /* Utility */ = {
			isa = PBXGroup;
			children = (
				423778661FD4532C009C1B95 /* Alert.swift */,
				423778691FD4532C009C1B95 /* App.swift */,
				423778621FD4532B009C1B95 /* Constants.swift */,
				423778701FD4532D009C1B95 /* DataStoreManager.swift */,
				423778641FD4532C009C1B95 /* DateTimeHelper.swift */,
				423778631FD4532C009C1B95 /* ErrorManager.swift */,
				4237786E1FD4532C009C1B95 /* Extensions.swift */,
				4237786B1FD4532C009C1B95 /* Loader.swift */,
				423778651FD4532C009C1B95 /* MockDataManager.swift */,
				4237786A1FD4532C009C1B95 /* NetworkManager.swift */,
				4237786D1FD4532C009C1B95 /* PushNotificationManager.swift */,
				423778671FD4532C009C1B95 /* StripeHelper.swift */,
				423778721FD4532D009C1B95 /* TypeDefs.swift */,
				4237786C1FD4532C009C1B95 /* UIHelper.swift */,
				4237786F1FD4532D009C1B95 /* UserDefaultsManager.swift */,
				423778711FD4532D009C1B95 /* ValidityManager.swift */,
				423778681FD4532C009C1B95 /* ViewControllerHelper.swift */,
				423778731FD4532D009C1B95 /* Vivid.swift */,
			);
			path = Utility;
			sourceTree = "<group>";
		};
		423778531FD452C5009C1B95 /* Storyboard */ = {
			isa = PBXGroup;
			children = (
				423778231FD4525A009C1B95 /* Main.storyboard */,
				423778281FD4525A009C1B95 /* LaunchScreen.storyboard */,
			);
			path = Storyboard;
			sourceTree = "<group>";
		};
/* End PBXGroup section */

/* Begin PBXNativeTarget section */
		4237781B1FD4525A009C1B95 /* ASSwiftMvvmBoilerplate */ = {
			isa = PBXNativeTarget;
			buildConfigurationList = 423778441FD4525A009C1B95 /* Build configuration list for PBXNativeTarget "ASSwiftMvvmBoilerplate" */;
			buildPhases = (
				423778181FD4525A009C1B95 /* Sources */,
				423778191FD4525A009C1B95 /* Frameworks */,
				4237781A1FD4525A009C1B95 /* Resources */,
			);
			buildRules = (
			);
			dependencies = (
			);
			name = ASSwiftMvvmBoilerplate;
			productName = ASSwiftMvvmBoilerplate;
			productReference = 4237781C1FD4525A009C1B95 /* ASSwiftMvvmBoilerplate.app */;
			productType = "com.apple.product-type.application";
		};
		4237782F1FD4525A009C1B95 /* ASSwiftMvvmBoilerplateTests */ = {
			isa = PBXNativeTarget;
			buildConfigurationList = 423778471FD4525A009C1B95 /* Build configuration list for PBXNativeTarget "ASSwiftMvvmBoilerplateTests" */;
			buildPhases = (
				4237782C1FD4525A009C1B95 /* Sources */,
				4237782D1FD4525A009C1B95 /* Frameworks */,
				4237782E1FD4525A009C1B95 /* Resources */,
			);
			buildRules = (
			);
			dependencies = (
				423778321FD4525A009C1B95 /* PBXTargetDependency */,
			);
			name = ASSwiftMvvmBoilerplateTests;
			productName = ASSwiftMvvmBoilerplateTests;
			productReference = 423778301FD4525A009C1B95 /* ASSwiftMvvmBoilerplateTests.xctest */;
			productType = "com.apple.product-type.bundle.unit-test";
		};
		4237783A1FD4525A009C1B95 /* ASSwiftMvvmBoilerplateUITests */ = {
			isa = PBXNativeTarget;
			buildConfigurationList = 4237784A1FD4525A009C1B95 /* Build configuration list for PBXNativeTarget "ASSwiftMvvmBoilerplateUITests" */;
			buildPhases = (
				423778371FD4525A009C1B95 /* Sources */,
				423778381FD4525A009C1B95 /* Frameworks */,
				423778391FD4525A009C1B95 /* Resources */,
			);
			buildRules = (
			);
			dependencies = (
				4237783D1FD4525A009C1B95 /* PBXTargetDependency */,
			);
			name = ASSwiftMvvmBoilerplateUITests;
			productName = ASSwiftMvvmBoilerplateUITests;
			productReference = 4237783B1FD4525A009C1B95 /* ASSwiftMvvmBoilerplateUITests.xctest */;
			productType = "com.apple.product-type.bundle.ui-testing";
		};
/* End PBXNativeTarget section */

/* Begin PBXProject section */
		423778141FD4525A009C1B95 /* Project object */ = {
			isa = PBXProject;
			attributes = {
				LastSwiftUpdateCheck = 0910;
				LastUpgradeCheck = 0910;
				ORGANIZATIONNAME = "Amit Sen";
				TargetAttributes = {
					4237781B1FD4525A009C1B95 = {
						CreatedOnToolsVersion = 9.1;
						ProvisioningStyle = Automatic;
					};
					4237782F1FD4525A009C1B95 = {
						CreatedOnToolsVersion = 9.1;
						ProvisioningStyle = Automatic;
						TestTargetID = 4237781B1FD4525A009C1B95;
					};
					4237783A1FD4525A009C1B95 = {
						CreatedOnToolsVersion = 9.1;
						ProvisioningStyle = Automatic;
						TestTargetID = 4237781B1FD4525A009C1B95;
					};
				};
			};
			buildConfigurationList = 423778171FD4525A009C1B95 /* Build configuration list for PBXProject "ASSwiftMvvmBoilerplate" */;
			compatibilityVersion = "Xcode 8.0";
			developmentRegion = en;
			hasScannedForEncodings = 0;
			knownRegions = (
				en,
				Base,
			);
			mainGroup = 423778131FD4525A009C1B95;
			productRefGroup = 4237781D1FD4525A009C1B95 /* Products */;
			projectDirPath = "";
			projectRoot = "";
			targets = (
				4237781B1FD4525A009C1B95 /* ASSwiftMvvmBoilerplate */,
				4237782F1FD4525A009C1B95 /* ASSwiftMvvmBoilerplateTests */,
				4237783A1FD4525A009C1B95 /* ASSwiftMvvmBoilerplateUITests */,
			);
		};
/* End PBXProject section */

/* Begin PBXResourcesBuildPhase section */
		4237781A1FD4525A009C1B95 /* Resources */ = {
			isa = PBXResourcesBuildPhase;
			buildActionMask = 2147483647;
			files = (
				4237782A1FD4525A009C1B95 /* LaunchScreen.storyboard in Resources */,
				423778271FD4525A009C1B95 /* Assets.xcassets in Resources */,
				423778251FD4525A009C1B95 /* Main.storyboard in Resources */,
			);
			runOnlyForDeploymentPostprocessing = 0;
		};
		4237782E1FD4525A009C1B95 /* Resources */ = {
			isa = PBXResourcesBuildPhase;
			buildActionMask = 2147483647;
			files = (
			);
			runOnlyForDeploymentPostprocessing = 0;
		};
		423778391FD4525A009C1B95 /* Resources */ = {
			isa = PBXResourcesBuildPhase;
			buildActionMask = 2147483647;
			files = (
			);
			runOnlyForDeploymentPostprocessing = 0;
		};
/* End PBXResourcesBuildPhase section */

/* Begin PBXSourcesBuildPhase section */
		423778181FD4525A009C1B95 /* Sources */ = {
			isa = PBXSourcesBuildPhase;
			buildActionMask = 2147483647;
			files = (
				423778851FD4532D009C1B95 /* Vivid.swift in Sources */,
				4237787F1FD4532D009C1B95 /* PushNotificationManager.swift in Sources */,
				4237787C1FD4532D009C1B95 /* NetworkManager.swift in Sources */,
				4237785F1FD45311009C1B95 /* DemoModel.swift in Sources */,
				423778221FD4525A009C1B95 /* ViewController.swift in Sources */,
				4237787E1FD4532D009C1B95 /* UIHelper.swift in Sources */,
				4237785B1FD45307009C1B95 /* DemoViewModel.swift in Sources */,
				423778611FD45316009C1B95 /* AppState.swift in Sources */,
				423778811FD4532D009C1B95 /* UserDefaultsManager.swift in Sources */,
				4237787A1FD4532D009C1B95 /* ViewControllerHelper.swift in Sources */,
				423778761FD4532D009C1B95 /* DateTimeHelper.swift in Sources */,
				423778801FD4532D009C1B95 /* Extensions.swift in Sources */,
				423778821FD4532D009C1B95 /* DataStoreManager.swift in Sources */,
				4237787D1FD4532D009C1B95 /* Loader.swift in Sources */,
				423778841FD4532D009C1B95 /* TypeDefs.swift in Sources */,
				423778751FD4532D009C1B95 /* ErrorManager.swift in Sources */,
				4237787B1FD4532D009C1B95 /* App.swift in Sources */,
				423778781FD4532D009C1B95 /* Alert.swift in Sources */,
				423778831FD4532D009C1B95 /* ValidityManager.swift in Sources */,
				4237785D1FD4530C009C1B95 /* BaseModel.swift in Sources */,
				423778741FD4532D009C1B95 /* Constants.swift in Sources */,
				423778591FD452FD009C1B95 /* BaseViewModel.swift in Sources */,
				423778201FD4525A009C1B95 /* AppDelegate.swift in Sources */,
				423778551FD452EA009C1B95 /* BaseViewController.swift in Sources */,
				423778571FD452F1009C1B95 /* DemoViewController.swift in Sources */,
				423778771FD4532D009C1B95 /* MockDataManager.swift in Sources */,
				423778791FD4532D009C1B95 /* StripeHelper.swift in Sources */,
			);
			runOnlyForDeploymentPostprocessing = 0;
		};
		4237782C1FD4525A009C1B95 /* Sources */ = {
			isa = PBXSourcesBuildPhase;
			buildActionMask = 2147483647;
			files = (
				423778351FD4525A009C1B95 /* ASSwiftMvvmBoilerplateTests.swift in Sources */,
			);
			runOnlyForDeploymentPostprocessing = 0;
		};
		423778371FD4525A009C1B95 /* Sources */ = {
			isa = PBXSourcesBuildPhase;
			buildActionMask = 2147483647;
			files = (
				423778401FD4525A009C1B95 /* ASSwiftMvvmBoilerplateUITests.swift in Sources */,
			);
			runOnlyForDeploymentPostprocessing = 0;
		};
/* End PBXSourcesBuildPhase section */

/* Begin PBXTargetDependency section */
		423778321FD4525A009C1B95 /* PBXTargetDependency */ = {
			isa = PBXTargetDependency;
			target = 4237781B1FD4525A009C1B95 /* ASSwiftMvvmBoilerplate */;
			targetProxy = 423778311FD4525A009C1B95 /* PBXContainerItemProxy */;
		};
		4237783D1FD4525A009C1B95 /* PBXTargetDependency */ = {
			isa = PBXTargetDependency;
			target = 4237781B1FD4525A009C1B95 /* ASSwiftMvvmBoilerplate */;
			targetProxy = 4237783C1FD4525A009C1B95 /* PBXContainerItemProxy */;
		};
/* End PBXTargetDependency section */

/* Begin PBXVariantGroup section */
		423778231FD4525A009C1B95 /* Main.storyboard */ = {
			isa = PBXVariantGroup;
			children = (
				423778241FD4525A009C1B95 /* Base */,
			);
			name = Main.storyboard;
			sourceTree = "<group>";
		};
		423778281FD4525A009C1B95 /* LaunchScreen.storyboard */ = {
			isa = PBXVariantGroup;
			children = (
				423778291FD4525A009C1B95 /* Base */,
			);
			name = LaunchScreen.storyboard;
			sourceTree = "<group>";
		};
/* End PBXVariantGroup section */

/* Begin XCBuildConfiguration section */
		423778421FD4525A009C1B95 /* Debug */ = {
			isa = XCBuildConfiguration;
			buildSettings = {
				ALWAYS_SEARCH_USER_PATHS = NO;
				CLANG_ANALYZER_NONNULL = YES;
				CLANG_ANALYZER_NUMBER_OBJECT_CONVERSION = YES_AGGRESSIVE;
				CLANG_CXX_LANGUAGE_STANDARD = "gnu++14";
				CLANG_CXX_LIBRARY = "libc++";
				CLANG_ENABLE_MODULES = YES;
				CLANG_ENABLE_OBJC_ARC = YES;
				CLANG_WARN_BLOCK_CAPTURE_AUTORELEASING = YES;
				CLANG_WARN_BOOL_CONVERSION = YES;
				CLANG_WARN_COMMA = YES;
				CLANG_WARN_CONSTANT_CONVERSION = YES;
				CLANG_WARN_DIRECT_OBJC_ISA_USAGE = YES_ERROR;
				CLANG_WARN_DOCUMENTATION_COMMENTS = YES;
				CLANG_WARN_EMPTY_BODY = YES;
				CLANG_WARN_ENUM_CONVERSION = YES;
				CLANG_WARN_INFINITE_RECURSION = YES;
				CLANG_WARN_INT_CONVERSION = YES;
				CLANG_WARN_NON_LITERAL_NULL_CONVERSION = YES;
				CLANG_WARN_OBJC_LITERAL_CONVERSION = YES;
				CLANG_WARN_OBJC_ROOT_CLASS = YES_ERROR;
				CLANG_WARN_RANGE_LOOP_ANALYSIS = YES;
				CLANG_WARN_STRICT_PROTOTYPES = YES;
				CLANG_WARN_SUSPICIOUS_MOVE = YES;
				CLANG_WARN_UNGUARDED_AVAILABILITY = YES_AGGRESSIVE;
				CLANG_WARN_UNREACHABLE_CODE = YES;
				CLANG_WARN__DUPLICATE_METHOD_MATCH = YES;
				CODE_SIGN_IDENTITY = "iPhone Developer";
				COPY_PHASE_STRIP = NO;
				DEBUG_INFORMATION_FORMAT = dwarf;
				ENABLE_STRICT_OBJC_MSGSEND = YES;
				ENABLE_TESTABILITY = YES;
				GCC_C_LANGUAGE_STANDARD = gnu11;
				GCC_DYNAMIC_NO_PIC = NO;
				GCC_NO_COMMON_BLOCKS = YES;
				GCC_OPTIMIZATION_LEVEL = 0;
				GCC_PREPROCESSOR_DEFINITIONS = (
					"DEBUG=1",
					"$(inherited)",
				);
				GCC_WARN_64_TO_32_BIT_CONVERSION = YES;
				GCC_WARN_ABOUT_RETURN_TYPE = YES_ERROR;
				GCC_WARN_UNDECLARED_SELECTOR = YES;
				GCC_WARN_UNINITIALIZED_AUTOS = YES_AGGRESSIVE;
				GCC_WARN_UNUSED_FUNCTION = YES;
				GCC_WARN_UNUSED_VARIABLE = YES;
				IPHONEOS_DEPLOYMENT_TARGET = 11.1;
				MTL_ENABLE_DEBUG_INFO = YES;
				ONLY_ACTIVE_ARCH = YES;
				SDKROOT = iphoneos;
				SWIFT_ACTIVE_COMPILATION_CONDITIONS = DEBUG;
				SWIFT_OPTIMIZATION_LEVEL = "-Onone";
			};
			name = Debug;
		};
		423778431FD4525A009C1B95 /* Release */ = {
			isa = XCBuildConfiguration;
			buildSettings = {
				ALWAYS_SEARCH_USER_PATHS = NO;
				CLANG_ANALYZER_NONNULL = YES;
				CLANG_ANALYZER_NUMBER_OBJECT_CONVERSION = YES_AGGRESSIVE;
				CLANG_CXX_LANGUAGE_STANDARD = "gnu++14";
				CLANG_CXX_LIBRARY = "libc++";
				CLANG_ENABLE_MODULES = YES;
				CLANG_ENABLE_OBJC_ARC = YES;
				CLANG_WARN_BLOCK_CAPTURE_AUTORELEASING = YES;
				CLANG_WARN_BOOL_CONVERSION = YES;
				CLANG_WARN_COMMA = YES;
				CLANG_WARN_CONSTANT_CONVERSION = YES;
				CLANG_WARN_DIRECT_OBJC_ISA_USAGE = YES_ERROR;
				CLANG_WARN_DOCUMENTATION_COMMENTS = YES;
				CLANG_WARN_EMPTY_BODY = YES;
				CLANG_WARN_ENUM_CONVERSION = YES;
				CLANG_WARN_INFINITE_RECURSION = YES;
				CLANG_WARN_INT_CONVERSION = YES;
				CLANG_WARN_NON_LITERAL_NULL_CONVERSION = YES;
				CLANG_WARN_OBJC_LITERAL_CONVERSION = YES;
				CLANG_WARN_OBJC_ROOT_CLASS = YES_ERROR;
				CLANG_WARN_RANGE_LOOP_ANALYSIS = YES;
				CLANG_WARN_STRICT_PROTOTYPES = YES;
				CLANG_WARN_SUSPICIOUS_MOVE = YES;
				CLANG_WARN_UNGUARDED_AVAILABILITY = YES_AGGRESSIVE;
				CLANG_WARN_UNREACHABLE_CODE = YES;
				CLANG_WARN__DUPLICATE_METHOD_MATCH = YES;
				CODE_SIGN_IDENTITY = "iPhone Developer";
				COPY_PHASE_STRIP = NO;
				DEBUG_INFORMATION_FORMAT = "dwarf-with-dsym";
				ENABLE_NS_ASSERTIONS = NO;
				ENABLE_STRICT_OBJC_MSGSEND = YES;
				GCC_C_LANGUAGE_STANDARD = gnu11;
				GCC_NO_COMMON_BLOCKS = YES;
				GCC_WARN_64_TO_32_BIT_CONVERSION = YES;
				GCC_WARN_ABOUT_RETURN_TYPE = YES_ERROR;
				GCC_WARN_UNDECLARED_SELECTOR = YES;
				GCC_WARN_UNINITIALIZED_AUTOS = YES_AGGRESSIVE;
				GCC_WARN_UNUSED_FUNCTION = YES;
				GCC_WARN_UNUSED_VARIABLE = YES;
				IPHONEOS_DEPLOYMENT_TARGET = 11.1;
				MTL_ENABLE_DEBUG_INFO = NO;
				SDKROOT = iphoneos;
				SWIFT_OPTIMIZATION_LEVEL = "-Owholemodule";
				VALIDATE_PRODUCT = YES;
			};
			name = Release;
		};
		423778451FD4525A009C1B95 /* Debug */ = {
			isa = XCBuildConfiguration;
			buildSettings = {
				ASSETCATALOG_COMPILER_APPICON_NAME = AppIcon;
				CODE_SIGN_STYLE = Automatic;
				DEVELOPMENT_TEAM = 4EVUT3M4J2;
				INFOPLIST_FILE = ASSwiftMvvmBoilerplate/Info.plist;
				LD_RUNPATH_SEARCH_PATHS = "$(inherited) @executable_path/Frameworks";
				PRODUCT_BUNDLE_IDENTIFIER = com.amitsen.mvvm.boilerplate;
				PRODUCT_NAME = "$(TARGET_NAME)";
				SWIFT_VERSION = 4.0;
				TARGETED_DEVICE_FAMILY = "1,2";
			};
			name = Debug;
		};
		423778461FD4525A009C1B95 /* Release */ = {
			isa = XCBuildConfiguration;
			buildSettings = {
				ASSETCATALOG_COMPILER_APPICON_NAME = AppIcon;
				CODE_SIGN_STYLE = Automatic;
				DEVELOPMENT_TEAM = 4EVUT3M4J2;
				INFOPLIST_FILE = ASSwiftMvvmBoilerplate/Info.plist;
				LD_RUNPATH_SEARCH_PATHS = "$(inherited) @executable_path/Frameworks";
				PRODUCT_BUNDLE_IDENTIFIER = com.amitsen.mvvm.boilerplate;
				PRODUCT_NAME = "$(TARGET_NAME)";
				SWIFT_VERSION = 4.0;
				TARGETED_DEVICE_FAMILY = "1,2";
			};
			name = Release;
		};
		423778481FD4525A009C1B95 /* Debug */ = {
			isa = XCBuildConfiguration;
			buildSettings = {
				ALWAYS_EMBED_SWIFT_STANDARD_LIBRARIES = YES;
				BUNDLE_LOADER = "$(TEST_HOST)";
				CODE_SIGN_STYLE = Automatic;
				DEVELOPMENT_TEAM = 4EVUT3M4J2;
				INFOPLIST_FILE = ASSwiftMvvmBoilerplateTests/Info.plist;
				LD_RUNPATH_SEARCH_PATHS = "$(inherited) @executable_path/Frameworks @loader_path/Frameworks";
				PRODUCT_BUNDLE_IDENTIFIER = com.amitsen.mvvm.boilerplate.ASSwiftMvvmBoilerplateTests;
				PRODUCT_NAME = "$(TARGET_NAME)";
				SWIFT_VERSION = 4.0;
				TARGETED_DEVICE_FAMILY = "1,2";
				TEST_HOST = "$(BUILT_PRODUCTS_DIR)/ASSwiftMvvmBoilerplate.app/ASSwiftMvvmBoilerplate";
			};
			name = Debug;
		};
		423778491FD4525A009C1B95 /* Release */ = {
			isa = XCBuildConfiguration;
			buildSettings = {
				ALWAYS_EMBED_SWIFT_STANDARD_LIBRARIES = YES;
				BUNDLE_LOADER = "$(TEST_HOST)";
				CODE_SIGN_STYLE = Automatic;
				DEVELOPMENT_TEAM = 4EVUT3M4J2;
				INFOPLIST_FILE = ASSwiftMvvmBoilerplateTests/Info.plist;
				LD_RUNPATH_SEARCH_PATHS = "$(inherited) @executable_path/Frameworks @loader_path/Frameworks";
				PRODUCT_BUNDLE_IDENTIFIER = com.amitsen.mvvm.boilerplate.ASSwiftMvvmBoilerplateTests;
				PRODUCT_NAME = "$(TARGET_NAME)";
				SWIFT_VERSION = 4.0;
				TARGETED_DEVICE_FAMILY = "1,2";
				TEST_HOST = "$(BUILT_PRODUCTS_DIR)/ASSwiftMvvmBoilerplate.app/ASSwiftMvvmBoilerplate";
			};
			name = Release;
		};
		4237784B1FD4525A009C1B95 /* Debug */ = {
			isa = XCBuildConfiguration;
			buildSettings = {
				ALWAYS_EMBED_SWIFT_STANDARD_LIBRARIES = YES;
				CODE_SIGN_STYLE = Automatic;
				DEVELOPMENT_TEAM = 4EVUT3M4J2;
				INFOPLIST_FILE = ASSwiftMvvmBoilerplateUITests/Info.plist;
				LD_RUNPATH_SEARCH_PATHS = "$(inherited) @executable_path/Frameworks @loader_path/Frameworks";
				PRODUCT_BUNDLE_IDENTIFIER = com.amitsen.mvvm.boilerplate.ASSwiftMvvmBoilerplateUITests;
				PRODUCT_NAME = "$(TARGET_NAME)";
				SWIFT_VERSION = 4.0;
				TARGETED_DEVICE_FAMILY = "1,2";
				TEST_TARGET_NAME = ASSwiftMvvmBoilerplate;
			};
			name = Debug;
		};
		4237784C1FD4525A009C1B95 /* Release */ = {
			isa = XCBuildConfiguration;
			buildSettings = {
				ALWAYS_EMBED_SWIFT_STANDARD_LIBRARIES = YES;
				CODE_SIGN_STYLE = Automatic;
				DEVELOPMENT_TEAM = 4EVUT3M4J2;
				INFOPLIST_FILE = ASSwiftMvvmBoilerplateUITests/Info.plist;
				LD_RUNPATH_SEARCH_PATHS = "$(inherited) @executable_path/Frameworks @loader_path/Frameworks";
				PRODUCT_BUNDLE_IDENTIFIER = com.amitsen.mvvm.boilerplate.ASSwiftMvvmBoilerplateUITests;
				PRODUCT_NAME = "$(TARGET_NAME)";
				SWIFT_VERSION = 4.0;
				TARGETED_DEVICE_FAMILY = "1,2";
				TEST_TARGET_NAME = ASSwiftMvvmBoilerplate;
			};
			name = Release;
		};
/* End XCBuildConfiguration section */

/* Begin XCConfigurationList section */
		423778171FD4525A009C1B95 /* Build configuration list for PBXProject "ASSwiftMvvmBoilerplate" */ = {
			isa = XCConfigurationList;
			buildConfigurations = (
				423778421FD4525A009C1B95 /* Debug */,
				423778431FD4525A009C1B95 /* Release */,
			);
			defaultConfigurationIsVisible = 0;
			defaultConfigurationName = Release;
		};
		423778441FD4525A009C1B95 /* Build configuration list for PBXNativeTarget "ASSwiftMvvmBoilerplate" */ = {
			isa = XCConfigurationList;
			buildConfigurations = (
				423778451FD4525A009C1B95 /* Debug */,
				423778461FD4525A009C1B95 /* Release */,
			);
			defaultConfigurationIsVisible = 0;
			defaultConfigurationName = Release;
		};
		423778471FD4525A009C1B95 /* Build configuration list for PBXNativeTarget "ASSwiftMvvmBoilerplateTests" */ = {
			isa = XCConfigurationList;
			buildConfigurations = (
				423778481FD4525A009C1B95 /* Debug */,
				423778491FD4525A009C1B95 /* Release */,
			);
			defaultConfigurationIsVisible = 0;
			defaultConfigurationName = Release;
		};
		4237784A1FD4525A009C1B95 /* Build configuration list for PBXNativeTarget "ASSwiftMvvmBoilerplateUITests" */ = {
			isa = XCConfigurationList;
			buildConfigurations = (
				4237784B1FD4525A009C1B95 /* Debug */,
				4237784C1FD4525A009C1B95 /* Release */,
			);
			defaultConfigurationIsVisible = 0;
			defaultConfigurationName = Release;
		};
/* End XCConfigurationList section */
	};
	rootObject = 423778141FD4525A009C1B95 /* Project object */;
}
